
Microsoft Visual Studio Solution File, Format Version 12.00
# Visual Studio Version 16
VisualStudioVersion = 16.0.31424.327
MinimumVisualStudioVersion = 10.0.40219.1
Project("{FAE04EC0-301F-11D3-BF4B-00C04F79EFBC}") = "DailyWorkSummary", "DailyWorkSummary\DailyWorkSummary.csproj", "{5988AB82-97E0-443D-8335-1D90B1854B51}"
EndProject
Project("{FAE04EC0-301F-11D3-BF4B-00C04F79EFBC}") = "DailyWorkSummaryEngine", "DailyWorkSummaryEngine\DailyWorkSummaryEngine.csproj", "{1A0C5272-3AE8-4967-8649-AFEF3DBA5C05}"
EndProject
Project("{FAE04EC0-301F-11D3-BF4B-00C04F79EFBC}") = "DailyWorkSummaryEngineTest", "DailyWorkSummaryEngineTest\DailyWorkSummaryEngineTest.csproj", "{3B73720A-E192-42F9-AD95-6704F2234403}"
EndProject
Global
	GlobalSection(SolutionConfigurationPlatforms) = preSolution
		Debug|Any CPU = Debug|Any CPU
		Release|Any CPU = Release|Any CPU
	EndGlobalSection
	GlobalSection(ProjectConfigurationPlatforms) = postSolution
		{5988AB82-97E0-443D-8335-1D90B1854B51}.Debug|Any CPU.ActiveCfg = Debug|Any CPU
		{5988AB82-97E0-443D-8335-1D90B1854B51}.Debug|Any CPU.Build.0 = Debug|Any CPU
		{5988AB82-97E0-443D-8335-1D90B1854B51}.Release|Any CPU.ActiveCfg = Release|Any CPU
		{5988AB82-97E0-443D-8335-1D90B1854B51}.Release|Any CPU.Build.0 = Release|Any CPU
		{1A0C5272-3AE8-4967-8649-AFEF3DBA5C05}.Debug|Any CPU.ActiveCfg = Debug|Any CPU
		{1A0C5272-3AE8-4967-8649-AFEF3DBA5C05}.Debug|Any CPU.Build.0 = Debug|Any CPU
		{1A0C5272-3AE8-4967-8649-AFEF3DBA5C05}.Release|Any CPU.ActiveCfg = Release|Any CPU
		{1A0C5272-3AE8-4967-8649-AFEF3DBA5C05}.Release|Any CPU.Build.0 = Release|Any CPU
		{3B73720A-E192-42F9-AD95-6704F2234403}.Debug|Any CPU.ActiveCfg = Debug|Any CPU
		{3B73720A-E192-42F9-AD95-6704F2234403}.Debug|Any CPU.Build.0 = Debug|Any CPU
		{3B73720A-E192-42F9-AD95-6704F2234403}.Release|Any CPU.ActiveCfg = Release|Any CPU
		{3B73720A-E192-42F9-AD95-6704F2234403}.Release|Any CPU.Build.0 = Release|Any CPU
	EndGlobalSection
	GlobalSection(SolutionProperties) = preSolution
		HideSolutionNode = FALSE
	EndGlobalSection
	GlobalSection(ExtensibilityGlobals) = postSolution
		SolutionGuid = {C410462D-743D-4607-B222-A51B39F40273}
	EndGlobalSection
EndGlobal
